// !$*UTF8*$!
{
	archiveVersion = 1;
	classes = {
	};
	objectVersion = 46;
	objects = {

/* Begin PBXBuildFile section */
		701AA5AF2451126800A65680 /* AppDelegate.swift in Sources */ = {isa = PBXBuildFile; fileRef = 701AA5AE2451126800A65680 /* AppDelegate.swift */; };
		701AA5B12451126800A65680 /* ViewController.swift in Sources */ = {isa = PBXBuildFile; fileRef = 701AA5B02451126800A65680 /* ViewController.swift */; };
		701AA5B62451126800A65680 /* Assets.xcassets in Resources */ = {isa = PBXBuildFile; fileRef = 701AA5B52451126800A65680 /* Assets.xcassets */; };
		701AA5B92451126800A65680 /* LaunchScreen.storyboard in Resources */ = {isa = PBXBuildFile; fileRef = 701AA5B72451126800A65680 /* LaunchScreen.storyboard */; };
		701AA5C12451137600A65680 /* City.swift in Sources */ = {isa = PBXBuildFile; fileRef = 701AA5C02451137600A65680 /* City.swift */; };
		701AA5C32451138E00A65680 /* CityViewController.swift in Sources */ = {isa = PBXBuildFile; fileRef = 701AA5C22451138E00A65680 /* CityViewController.swift */; };
		707D96AB2453A13200A15E51 /* Country.swift in Sources */ = {isa = PBXBuildFile; fileRef = 707D96AA2453A13200A15E51 /* Country.swift */; };
		707D96B12453AA9600A15E51 /* UILabel+init.swift in Sources */ = {isa = PBXBuildFile; fileRef = 707D96B02453AA9600A15E51 /* UILabel+init.swift */; };
		707D96B32453B0FD00A15E51 /* UIFont+init.swift in Sources */ = {isa = PBXBuildFile; fileRef = 707D96B22453B0FD00A15E51 /* UIFont+init.swift */; };
		70A8F926245116920017C861 /* DetailsViewController.swift in Sources */ = {isa = PBXBuildFile; fileRef = 70A8F925245116920017C861 /* DetailsViewController.swift */; };
/* End PBXBuildFile section */

/* Begin PBXFileReference section */
		701AA5AB2451126800A65680 /* StaticWeatherApp.app */ = {isa = PBXFileReference; explicitFileType = wrapper.application; includeInIndex = 0; path = StaticWeatherApp.app; sourceTree = BUILT_PRODUCTS_DIR; };
		701AA5AE2451126800A65680 /* AppDelegate.swift */ = {isa = PBXFileReference; lastKnownFileType = sourcecode.swift; path = AppDelegate.swift; sourceTree = "<group>"; };
		701AA5B02451126800A65680 /* ViewController.swift */ = {isa = PBXFileReference; lastKnownFileType = sourcecode.swift; path = ViewController.swift; sourceTree = "<group>"; };
		701AA5B52451126800A65680 /* Assets.xcassets */ = {isa = PBXFileReference; lastKnownFileType = folder.assetcatalog; path = Assets.xcassets; sourceTree = "<group>"; };
		701AA5B82451126800A65680 /* Base */ = {isa = PBXFileReference; lastKnownFileType = file.storyboard; name = Base; path = Base.lproj/LaunchScreen.storyboard; sourceTree = "<group>"; };
		701AA5BA2451126800A65680 /* Info.plist */ = {isa = PBXFileReference; lastKnownFileType = text.plist.xml; path = Info.plist; sourceTree = "<group>"; };
		701AA5C02451137600A65680 /* City.swift */ = {isa = PBXFileReference; fileEncoding = 4; lastKnownFileType = sourcecode.swift; path = City.swift; sourceTree = "<group>"; };
		701AA5C22451138E00A65680 /* CityViewController.swift */ = {isa = PBXFileReference; fileEncoding = 4; lastKnownFileType = sourcecode.swift; path = CityViewController.swift; sourceTree = "<group>"; };
		707D96AA2453A13200A15E51 /* Country.swift */ = {isa = PBXFileReference; fileEncoding = 4; lastKnownFileType = sourcecode.swift; path = Country.swift; sourceTree = "<group>"; };
		707D96B02453AA9600A15E51 /* UILabel+init.swift */ = {isa = PBXFileReference; fileEncoding = 4; lastKnownFileType = sourcecode.swift; path = "UILabel+init.swift"; sourceTree = "<group>"; };
		707D96B22453B0FD00A15E51 /* UIFont+init.swift */ = {isa = PBXFileReference; fileEncoding = 4; lastKnownFileType = sourcecode.swift; path = "UIFont+init.swift"; sourceTree = "<group>"; };
		70A8F925245116920017C861 /* DetailsViewController.swift */ = {isa = PBXFileReference; fileEncoding = 4; lastKnownFileType = sourcecode.swift; path = DetailsViewController.swift; sourceTree = "<group>"; };
/* End PBXFileReference section */

/* Begin PBXFrameworksBuildPhase section */
		701AA5A82451126800A65680 /* Frameworks */ = {
			isa = PBXFrameworksBuildPhase;
			buildActionMask = 2147483647;
			files = (
			);
			runOnlyForDeploymentPostprocessing = 0;
		};
/* End PBXFrameworksBuildPhase section */

/* Begin PBXGroup section */
		701AA5A22451126800A65680 = {
			isa = PBXGroup;
			children = (
				701AA5AD2451126800A65680 /* StaticWeatherApp */,
				701AA5AC2451126800A65680 /* Products */,
			);
			sourceTree = "<group>";
		};
		701AA5AC2451126800A65680 /* Products */ = {
			isa = PBXGroup;
			children = (
				701AA5AB2451126800A65680 /* StaticWeatherApp.app */,
			);
			name = Products;
			sourceTree = "<group>";
		};
		701AA5AD2451126800A65680 /* StaticWeatherApp */ = {
			isa = PBXGroup;
			children = (
				707D96B02453AA9600A15E51 /* UILabel+init.swift */,
				707D96B22453B0FD00A15E51 /* UIFont+init.swift */,
				701AA5AE2451126800A65680 /* AppDelegate.swift */,
				701AA5C02451137600A65680 /* City.swift */,
				707D96AA2453A13200A15E51 /* Country.swift */,
				701AA5C22451138E00A65680 /* CityViewController.swift */,
				70A8F925245116920017C861 /* DetailsViewController.swift */,
				701AA5B02451126800A65680 /* ViewController.swift */,
				701AA5B52451126800A65680 /* Assets.xcassets */,
				701AA5B72451126800A65680 /* LaunchScreen.storyboard */,
				701AA5BA2451126800A65680 /* Info.plist */,
			);
			path = StaticWeatherApp;
			sourceTree = "<group>";
		};
/* End PBXGroup section */

/* Begin PBXNativeTarget section */
		701AA5AA2451126800A65680 /* StaticWeatherApp */ = {
			isa = PBXNativeTarget;
			buildConfigurationList = 701AA5BD2451126800A65680 /* Build configuration list for PBXNativeTarget "StaticWeatherApp" */;
			buildPhases = (
				701AA5A72451126800A65680 /* Sources */,
				701AA5A82451126800A65680 /* Frameworks */,
				701AA5A92451126800A65680 /* Resources */,
			);
			buildRules = (
			);
			dependencies = (
			);
			name = StaticWeatherApp;
			productName = StaticWeatherApp;
			productReference = 701AA5AB2451126800A65680 /* StaticWeatherApp.app */;
			productType = "com.apple.product-type.application";
		};
/* End PBXNativeTarget section */

/* Begin PBXProject section */
		701AA5A32451126800A65680 /* Project object */ = {
			isa = PBXProject;
			attributes = {
				LastSwiftUpdateCheck = 0820;
				LastUpgradeCheck = 0820;
				ORGANIZATIONNAME = usk83;
				TargetAttributes = {
					701AA5AA2451126800A65680 = {
						CreatedOnToolsVersion = 8.2.1;
						DevelopmentTeam = 95C25XPP49;
						ProvisioningStyle = Automatic;
					};
				};
			};
			buildConfigurationList = 701AA5A62451126800A65680 /* Build configuration list for PBXProject "StaticWeatherApp" */;
			compatibilityVersion = "Xcode 3.2";
			developmentRegion = English;
			hasScannedForEncodings = 0;
			knownRegions = (
				en,
				Base,
			);
			mainGroup = 701AA5A22451126800A65680;
			productRefGroup = 701AA5AC2451126800A65680 /* Products */;
			projectDirPath = "";
			projectRoot = "";
			targets = (
				701AA5AA2451126800A65680 /* StaticWeatherApp */,
			);
		};
/* End PBXProject section */

/* Begin PBXResourcesBuildPhase section */
		701AA5A92451126800A65680 /* Resources */ = {
			isa = PBXResourcesBuildPhase;
			buildActionMask = 2147483647;
			files = (
				701AA5B92451126800A65680 /* LaunchScreen.storyboard in Resources */,
				701AA5B62451126800A65680 /* Assets.xcassets in Resources */,
			);
			runOnlyForDeploymentPostprocessing = 0;
		};
/* End PBXResourcesBuildPhase section */

/* Begin PBXSourcesBuildPhase section */
		701AA5A72451126800A65680 /* Sources */ = {
			isa = PBXSourcesBuildPhase;
			buildActionMask = 2147483647;
			files = (
				707D96B32453B0FD00A15E51 /* UIFont+init.swift in Sources */,
				701AA5B12451126800A65680 /* ViewController.swift in Sources */,
				701AA5AF2451126800A65680 /* AppDelegate.swift in Sources */,
				701AA5C12451137600A65680 /* City.swift in Sources */,
				707D96B12453AA9600A15E51 /* UILabel+init.swift in Sources */,
				701AA5C32451138E00A65680 /* CityViewController.swift in Sources */,
				707D96AB2453A13200A15E51 /* Country.swift in Sources */,
				70A8F926245116920017C861 /* DetailsViewController.swift in Sources */,
			);
			runOnlyForDeploymentPostprocessing = 0;
		};
/* End PBXSourcesBuildPhase section */

/* Begin PBXVariantGroup section */
		701AA5B72451126800A65680 /* LaunchScreen.storyboard */ = {
			isa = PBXVariantGroup;
			children = (
				701AA5B82451126800A65680 /* Base */,
			);
			name = LaunchScreen.storyboard;
			sourceTree = "<group>";
		};
/* End PBXVariantGroup section */

/* Begin XCBuildConfiguration section */
		701AA5BB2451126800A65680 /* Debug */ = {
			isa = XCBuildConfiguration;
			buildSettings = {
				ALWAYS_SEARCH_USER_PATHS = NO;
				CLANG_ANALYZER_NONNULL = YES;
				CLANG_CXX_LANGUAGE_STANDARD = "gnu++0x";
				CLANG_CXX_LIBRARY = "libc++";
				CLANG_ENABLE_MODULES = YES;
				CLANG_ENABLE_OBJC_ARC = YES;
				CLANG_WARN_BOOL_CONVERSION = YES;
				CLANG_WARN_CONSTANT_CONVERSION = YES;
				CLANG_WARN_DIRECT_OBJC_ISA_USAGE = YES_ERROR;
				CLANG_WARN_DOCUMENTATION_COMMENTS = YES;
				CLANG_WARN_EMPTY_BODY = YES;
				CLANG_WARN_ENUM_CONVERSION = YES;
				CLANG_WARN_INFINITE_RECURSION = YES;
				CLANG_WARN_INT_CONVERSION = YES;
				CLANG_WARN_OBJC_ROOT_CLASS = YES_ERROR;
				CLANG_WARN_SUSPICIOUS_MOVE = YES;
				CLANG_WARN_UNREACHABLE_CODE = YES;
				CLANG_WARN__DUPLICATE_METHOD_MATCH = YES;
				"CODE_SIGN_IDENTITY[sdk=iphoneos*]" = "iPhone Developer";
				COPY_PHASE_STRIP = NO;
				DEBUG_INFORMATION_FORMAT = dwarf;
				ENABLE_STRICT_OBJC_MSGSEND = YES;
				ENABLE_TESTABILITY = YES;
				GCC_C_LANGUAGE_STANDARD = gnu99;
				GCC_DYNAMIC_NO_PIC = NO;
				GCC_NO_COMMON_BLOCKS = YES;
				GCC_OPTIMIZATION_LEVEL = 0;
				GCC_PREPROCESSOR_DEFINITIONS = (
					"DEBUG=1",
					"$(inherited)",
				);
				GCC_WARN_64_TO_32_BIT_CONVERSION = YES;
				GCC_WARN_ABOUT_RETURN_TYPE = YES_ERROR;
				GCC_WARN_UNDECLARED_SELECTOR = YES;
				GCC_WARN_UNINITIALIZED_AUTOS = YES_AGGRESSIVE;
				GCC_WARN_UNUSED_FUNCTION = YES;
				GCC_WARN_UNUSED_VARIABLE = YES;
				IPHONEOS_DEPLOYMENT_TARGET = 10.2;
				MTL_ENABLE_DEBUG_INFO = YES;
				ONLY_ACTIVE_ARCH = YES;
				SDKROOT = iphoneos;
				SWIFT_ACTIVE_COMPILATION_CONDITIONS = DEBUG;
				SWIFT_OPTIMIZATION_LEVEL = "-Onone";
				TARGETED_DEVICE_FAMILY = "1,2";
			};
			name = Debug;
		};
		701AA5BC2451126800A65680 /* Release */ = {
			isa = XCBuildConfiguration;
			buildSettings = {
				ALWAYS_SEARCH_USER_PATHS = NO;
				CLANG_ANALYZER_NONNULL = YES;
				CLANG_CXX_LANGUAGE_STANDARD = "gnu++0x";
				CLANG_CXX_LIBRARY = "libc++";
				CLANG_ENABLE_MODULES = YES;
				CLANG_ENABLE_OBJC_ARC = YES;
				CLANG_WARN_BOOL_CONVERSION = YES;
				CLANG_WARN_CONSTANT_CONVERSION = YES;
				CLANG_WARN_DIRECT_OBJC_ISA_USAGE = YES_ERROR;
				CLANG_WARN_DOCUMENTATION_COMMENTS = YES;
				CLANG_WARN_EMPTY_BODY = YES;
				CLANG_WARN_ENUM_CONVERSION = YES;
				CLANG_WARN_INFINITE_RECURSION = YES;
				CLANG_WARN_INT_CONVERSION = YES;
				CLANG_WARN_OBJC_ROOT_CLASS = YES_ERROR;
				CLANG_WARN_SUSPICIOUS_MOVE = YES;
				CLANG_WARN_UNREACHABLE_CODE = YES;
				CLANG_WARN__DUPLICATE_METHOD_MATCH = YES;
				"CODE_SIGN_IDENTITY[sdk=iphoneos*]" = "iPhone Developer";
				COPY_PHASE_STRIP = NO;
				DEBUG_INFORMATION_FORMAT = "dwarf-with-dsym";
				ENABLE_NS_ASSERTIONS = NO;
				ENABLE_STRICT_OBJC_MSGSEND = YES;
				GCC_C_LANGUAGE_STANDARD = gnu99;
				GCC_NO_COMMON_BLOCKS = YES;
				GCC_WARN_64_TO_32_BIT_CONVERSION = YES;
				GCC_WARN_ABOUT_RETURN_TYPE = YES_ERROR;
				GCC_WARN_UNDECLARED_SELECTOR = YES;
				GCC_WARN_UNINITIALIZED_AUTOS = YES_AGGRESSIVE;
				GCC_WARN_UNUSED_FUNCTION = YES;
				GCC_WARN_UNUSED_VARIABLE = YES;
				IPHONEOS_DEPLOYMENT_TARGET = 10.2;
				MTL_ENABLE_DEBUG_INFO = NO;
				SDKROOT = iphoneos;
				SWIFT_OPTIMIZATION_LEVEL = "-Owholemodule";
				TARGETED_DEVICE_FAMILY = "1,2";
				VALIDATE_PRODUCT = YES;
			};
			name = Release;
		};
		701AA5BE2451126800A65680 /* Debug */ = {
			isa = XCBuildConfiguration;
			buildSettings = {
				ASSETCATALOG_COMPILER_APPICON_NAME = AppIcon;
				DEVELOPMENT_TEAM = 95C25XPP49;
				INFOPLIST_FILE = StaticWeatherApp/Info.plist;
				LD_RUNPATH_SEARCH_PATHS = "$(inherited) @executable_path/Frameworks";
				PRODUCT_BUNDLE_IDENTIFIER = io.github.usk83.StaticWeatherApp;
				PRODUCT_NAME = "$(TARGET_NAME)";
				SWIFT_VERSION = 3.0;
			};
			name = Debug;
		};
		701AA5BF2451126800A65680 /* Release */ = {
			isa = XCBuildConfiguration;
			buildSettings = {
				ASSETCATALOG_COMPILER_APPICON_NAME = AppIcon;
				DEVELOPMENT_TEAM = 95C25XPP49;
				INFOPLIST_FILE = StaticWeatherApp/Info.plist;
				LD_RUNPATH_SEARCH_PATHS = "$(inherited) @executable_path/Frameworks";
				PRODUCT_BUNDLE_IDENTIFIER = io.github.usk83.StaticWeatherApp;
				PRODUCT_NAME = "$(TARGET_NAME)";
				SWIFT_VERSION = 3.0;
			};
			name = Release;
		};
/* End XCBuildConfiguration section */

/* Begin XCConfigurationList section */
		701AA5A62451126800A65680 /* Build configuration list for PBXProject "StaticWeatherApp" */ = {
			isa = XCConfigurationList;
			buildConfigurations = (
				701AA5BB2451126800A65680 /* Debug */,
				701AA5BC2451126800A65680 /* Release */,
			);
			defaultConfigurationIsVisible = 0;
			defaultConfigurationName = Release;
		};
		701AA5BD2451126800A65680 /* Build configuration list for PBXNativeTarget "StaticWeatherApp" */ = {
			isa = XCConfigurationList;
			buildConfigurations = (
				701AA5BE2451126800A65680 /* Debug */,
				701AA5BF2451126800A65680 /* Release */,
			);
			defaultConfigurationIsVisible = 0;
			defaultConfigurationName = Release;
		};
/* End XCConfigurationList section */
	};
	rootObject = 701AA5A32451126800A65680 /* Project object */;
}
